
Microsoft Visual Studio Solution File, Format Version 9.00
# Visual Studio 2005
Project("{FAE04EC0-301F-11D3-BF4B-00C04F79EFBC}") = "Tomboy-Todo-List", "Tomboy-Todo-List.csproj", "{089F9CE8-A988-43FC-8191-6DE2801F84B0}"
EndProject
Global
	GlobalSection(SolutionConfigurationPlatforms) = preSolution
		Debug|Any CPU = Debug|Any CPU
		Release|Any CPU = Release|Any CPU
	EndGlobalSection
	GlobalSection(ProjectConfigurationPlatforms) = postSolution
		{089F9CE8-A988-43FC-8191-6DE2801F84B0}.Debug|Any CPU.ActiveCfg = Debug|Any CPU
		{089F9CE8-A988-43FC-8191-6DE2801F84B0}.Debug|Any CPU.Build.0 = Debug|Any CPU
		{089F9CE8-A988-43FC-8191-6DE2801F84B0}.Release|Any CPU.ActiveCfg = Release|Any CPU
		{089F9CE8-A988-43FC-8191-6DE2801F84B0}.Release|Any CPU.Build.0 = Release|Any CPU
	EndGlobalSection
	GlobalSection(MonoDevelopProperties) = preSolution
		version = 0.1
		StartupItem = Tomboy-Todo-List.csproj
	EndGlobalSection
EndGlobal
